// !$*UTF8*$!
{
	archiveVersion = 1;
	classes = {
	};
	objectVersion = 51;
	objects = {

/* Begin PBXBuildFile section */
		1AC7B52F5CED3B9A5456C7C5 /* libPods-DooTask.a in Frameworks */ = {isa = PBXBuildFile; fileRef = A738B4F9AF20CA0CE1F3B5EB /* libPods-DooTask.a */; };
		3AE14377282DE98E00B5E14E /* UserNotifications.framework in Frameworks */ = {isa = PBXBuildFile; fileRef = 3AE14375282DB85800B5E14E /* UserNotifications.framework */; };
		AD42310A2A29FA92002D1F86 /* ShareAssets.xcassets in Resources */ = {isa = PBXBuildFile; fileRef = AD4231092A29FA92002D1F86 /* ShareAssets.xcassets */; };
		ADBB0ACF2A273D73007C9CC8 /* ShareViewController.m in Sources */ = {isa = PBXBuildFile; fileRef = ADBB0ACE2A273D73007C9CC8 /* ShareViewController.m */; };
		ADBB0AD22A273D73007C9CC8 /* MainInterface.storyboard in Resources */ = {isa = PBXBuildFile; fileRef = ADBB0AD02A273D73007C9CC8 /* MainInterface.storyboard */; };
		ADBB0AD62A273D73007C9CC8 /* ShareExtension.appex in Embed Foundation Extensions */ = {isa = PBXBuildFile; fileRef = ADBB0ACB2A273D73007C9CC8 /* ShareExtension.appex */; settings = {ATTRIBUTES = (RemoveHeadersOnCopy, ); }; };
		ADBB0AE02A27414F007C9CC8 /* IdentityConfig.xcconfig in Resources */ = {isa = PBXBuildFile; fileRef = ADBB0ADF2A27414F007C9CC8 /* IdentityConfig.xcconfig */; };
		ADBB0AE12A27414F007C9CC8 /* IdentityConfig.xcconfig in Resources */ = {isa = PBXBuildFile; fileRef = ADBB0ADF2A27414F007C9CC8 /* IdentityConfig.xcconfig */; };
		ADC4464B2A32C09B0082503B /* ChatCell.xib in Resources */ = {isa = PBXBuildFile; fileRef = ADC4464D2A32C09B0082503B /* ChatCell.xib */; };
		ADC446552A32C85E0082503B /* Localizable.strings in Resources */ = {isa = PBXBuildFile; fileRef = ADC446582A32C85E0082503B /* Localizable.strings */; };
		ADC446562A32C85E0082503B /* Localizable.strings in Resources */ = {isa = PBXBuildFile; fileRef = ADC446582A32C85E0082503B /* Localizable.strings */; };
		ADC446772A33252D0082503B /* ChatModel.m in Sources */ = {isa = PBXBuildFile; fileRef = ADC446752A33252D0082503B /* ChatModel.m */; };
		ADDB131A2A2D746A00AD375E /* PathNavigationView.m in Sources */ = {isa = PBXBuildFile; fileRef = ADDB13192A2D746A00AD375E /* PathNavigationView.m */; };
		ADDB131F2A2D91C700AD375E /* NavCell.m in Sources */ = {isa = PBXBuildFile; fileRef = ADDB131D2A2D91C700AD375E /* NavCell.m */; };
		ADDB13202A2D91C700AD375E /* NavCell.xib in Resources */ = {isa = PBXBuildFile; fileRef = ADDB131E2A2D91C700AD375E /* NavCell.xib */; };
		ADE69EC52A2E30EA000C6883 /* ShareContent.m in Sources */ = {isa = PBXBuildFile; fileRef = ADE69EC42A2E30EA000C6883 /* ShareContent.m */; };
		ADEB124B2A286E7200FCE69B /* ShareListViewController.m in Sources */ = {isa = PBXBuildFile; fileRef = ADEB124A2A286E7200FCE69B /* ShareListViewController.m */; };
		ADEB12522A28757D00FCE69B /* ChatCell.m in Sources */ = {isa = PBXBuildFile; fileRef = ADEB12502A28757D00FCE69B /* ChatCell.m */; };
		ADEB12562A2896F300FCE69B /* ShareManager.m in Sources */ = {isa = PBXBuildFile; fileRef = ADEB12552A2896F300FCE69B /* ShareManager.m */; };
		B210031C2191D6C5001F2CBA /* CoreText.framework in Frameworks */ = {isa = PBXBuildFile; fileRef = B210031B2191D6C5001F2CBA /* CoreText.framework */; };
		B210031E2191D703001F2CBA /* Foundation.framework in Frameworks */ = {isa = PBXBuildFile; fileRef = B210031D2191D703001F2CBA /* Foundation.framework */; };
		B21003202191D727001F2CBA /* CoreMotion.framework in Frameworks */ = {isa = PBXBuildFile; fileRef = B210031F2191D727001F2CBA /* CoreMotion.framework */; };
		B21356352124045E00EDD991 /* AppDelegate.m in Sources */ = {isa = PBXBuildFile; fileRef = B21356342124045E00EDD991 /* AppDelegate.m */; };
		B21356382124045E00EDD991 /* ViewController.m in Sources */ = {isa = PBXBuildFile; fileRef = B21356372124045E00EDD991 /* ViewController.m */; };
		B213563B2124045E00EDD991 /* Main.storyboard in Resources */ = {isa = PBXBuildFile; fileRef = B21356392124045E00EDD991 /* Main.storyboard */; };
		B213563D2124046000EDD991 /* Assets.xcassets in Resources */ = {isa = PBXBuildFile; fileRef = B213563C2124046000EDD991 /* Assets.xcassets */; };
		B21356402124046000EDD991 /* LaunchScreen.storyboard in Resources */ = {isa = PBXBuildFile; fileRef = B213563E2124046000EDD991 /* LaunchScreen.storyboard */; };
		B21356432124046000EDD991 /* main.m in Sources */ = {isa = PBXBuildFile; fileRef = B21356422124046000EDD991 /* main.m */; };
		B2135A7E2124058300EDD991 /* AVFoundation.framework in Frameworks */ = {isa = PBXBuildFile; fileRef = B2135A7D2124058300EDD991 /* AVFoundation.framework */; };
		B2135A802124059300EDD991 /* AssetsLibrary.framework in Frameworks */ = {isa = PBXBuildFile; fileRef = B2135A7F2124059300EDD991 /* AssetsLibrary.framework */; };
		B2135A822124059C00EDD991 /* AudioToolbox.framework in Frameworks */ = {isa = PBXBuildFile; fileRef = B2135A812124059C00EDD991 /* AudioToolbox.framework */; };
		B2135A84212405AC00EDD991 /* CFNetwork.framework in Frameworks */ = {isa = PBXBuildFile; fileRef = B2135A83212405AC00EDD991 /* CFNetwork.framework */; };
		B2135A86212405B800EDD991 /* CoreAudio.framework in Frameworks */ = {isa = PBXBuildFile; fileRef = B2135A85212405B800EDD991 /* CoreAudio.framework */; };
		B2135A88212405C300EDD991 /* CoreGraphics.framework in Frameworks */ = {isa = PBXBuildFile; fileRef = B2135A87212405C300EDD991 /* CoreGraphics.framework */; };
		B2135A8A212405F300EDD991 /* CoreLocation.framework in Frameworks */ = {isa = PBXBuildFile; fileRef = B2135A89212405F300EDD991 /* CoreLocation.framework */; };
		B2135A8C212405FA00EDD991 /* CoreMedia.framework in Frameworks */ = {isa = PBXBuildFile; fileRef = B2135A8B212405FA00EDD991 /* CoreMedia.framework */; };
		B2135A8E2124065600EDD991 /* CoreTelephony.framework in Frameworks */ = {isa = PBXBuildFile; fileRef = B2135A8D2124065600EDD991 /* CoreTelephony.framework */; };
		B2135A902124066800EDD991 /* CoreVideo.framework in Frameworks */ = {isa = PBXBuildFile; fileRef = B2135A8F2124066800EDD991 /* CoreVideo.framework */; };
		B2135A922124067200EDD991 /* ImageIO.framework in Frameworks */ = {isa = PBXBuildFile; fileRef = B2135A912124067200EDD991 /* ImageIO.framework */; };
		B2135A952124067F00EDD991 /* libc++abi.tbd in Frameworks */ = {isa = PBXBuildFile; fileRef = B2135A932124067F00EDD991 /* libc++abi.tbd */; };
		B2135A962124067F00EDD991 /* libc++.tbd in Frameworks */ = {isa = PBXBuildFile; fileRef = B2135A942124067F00EDD991 /* libc++.tbd */; };
		B2135A982124068900EDD991 /* libsqlite3.tbd in Frameworks */ = {isa = PBXBuildFile; fileRef = B2135A972124068900EDD991 /* libsqlite3.tbd */; };
		B2135A9A212406A000EDD991 /* libstdc++.tbd in Frameworks */ = {isa = PBXBuildFile; fileRef = B2135A99212406A000EDD991 /* libstdc++.tbd */; };
		B2135A9C212406B000EDD991 /* libxml2.tbd in Frameworks */ = {isa = PBXBuildFile; fileRef = B2135A9B212406B000EDD991 /* libxml2.tbd */; };
		B2135A9E212406BB00EDD991 /* libz.tbd in Frameworks */ = {isa = PBXBuildFile; fileRef = B2135A9D212406BB00EDD991 /* libz.tbd */; };
		B2135AA0212406C200EDD991 /* MapKit.framework in Frameworks */ = {isa = PBXBuildFile; fileRef = B2135A9F212406C200EDD991 /* MapKit.framework */; };
		B2135AA2212406CC00EDD991 /* OpenGLES.framework in Frameworks */ = {isa = PBXBuildFile; fileRef = B2135AA1212406CC00EDD991 /* OpenGLES.framework */; };
		B2135AA4212406D500EDD991 /* QuartzCore.framework in Frameworks */ = {isa = PBXBuildFile; fileRef = B2135AA3212406D500EDD991 /* QuartzCore.framework */; };
		B2135AA6212406DD00EDD991 /* SystemConfiguration.framework in Frameworks */ = {isa = PBXBuildFile; fileRef = B2135AA5212406DD00EDD991 /* SystemConfiguration.framework */; };
		B2135AA8212406E800EDD991 /* UIKit.framework in Frameworks */ = {isa = PBXBuildFile; fileRef = B2135AA7212406E800EDD991 /* UIKit.framework */; };
		B2135AAA212406EF00EDD991 /* Photos.framework in Frameworks */ = {isa = PBXBuildFile; fileRef = B2135AA9212406EF00EDD991 /* Photos.framework */; };
		B2135AAC212406F800EDD991 /* SafariServices.framework in Frameworks */ = {isa = PBXBuildFile; fileRef = B2135AAB212406F800EDD991 /* SafariServices.framework */; };
		B25A71EA21257A0500AA0AB9 /* bundlejs in Resources */ = {isa = PBXBuildFile; fileRef = B25A71E921257A0500AA0AB9 /* bundlejs */; };
		C995004175CF7D52FDD6D92A /* libPods-ShareExtension.a in Frameworks */ = {isa = PBXBuildFile; fileRef = F8536FB2214044572CB0622D /* libPods-ShareExtension.a */; };
/* End PBXBuildFile section */

/* Begin PBXContainerItemProxy section */
		ADBB0AD42A273D73007C9CC8 /* PBXContainerItemProxy */ = {
			isa = PBXContainerItemProxy;
			containerPortal = B21356282124045E00EDD991 /* Project object */;
			proxyType = 1;
			remoteGlobalIDString = ADBB0ACA2A273D73007C9CC8;
			remoteInfo = shareExtension;
		};
		B21356492124046000EDD991 /* PBXContainerItemProxy */ = {
			isa = PBXContainerItemProxy;
			containerPortal = B21356282124045E00EDD991 /* Project object */;
			proxyType = 1;
			remoteGlobalIDString = B213562F2124045E00EDD991;
			remoteInfo = eeuiApp;
		};
		B21356542124046000EDD991 /* PBXContainerItemProxy */ = {
			isa = PBXContainerItemProxy;
			containerPortal = B21356282124045E00EDD991 /* Project object */;
			proxyType = 1;
			remoteGlobalIDString = B213562F2124045E00EDD991;
			remoteInfo = eeuiApp;
		};
/* End PBXContainerItemProxy section */

/* Begin PBXCopyFilesBuildPhase section */
		ADBB0AD72A273D74007C9CC8 /* Embed Foundation Extensions */ = {
			isa = PBXCopyFilesBuildPhase;
			buildActionMask = 2147483647;
			dstPath = "";
			dstSubfolderSpec = 13;
			files = (
				ADBB0AD62A273D73007C9CC8 /* ShareExtension.appex in Embed Foundation Extensions */,
			);
			name = "Embed Foundation Extensions";
			runOnlyForDeploymentPostprocessing = 0;
		};
/* End PBXCopyFilesBuildPhase section */

/* Begin PBXFileReference section */
		21618EA4FE8A980870624E1A /* libPods-eeuiAppUITests.a */ = {isa = PBXFileReference; explicitFileType = archive.ar; includeInIndex = 0; path = "libPods-eeuiAppUITests.a"; sourceTree = BUILT_PRODUCTS_DIR; };
		3AE14375282DB85800B5E14E /* UserNotifications.framework */ = {isa = PBXFileReference; lastKnownFileType = wrapper.framework; name = UserNotifications.framework; path = System/Library/Frameworks/UserNotifications.framework; sourceTree = SDKROOT; };
		3AE14378282E153500B5E14E /* UMDevice.framework */ = {isa = PBXFileReference; lastKnownFileType = wrapper.framework; name = UMDevice.framework; path = ../../../../../Downloads/UMDevice.framework; sourceTree = "<group>"; };
		4DD47481746A33D998BAC3E1 /* Pods-dootask.debug.xcconfig */ = {isa = PBXFileReference; includeInIndex = 1; lastKnownFileType = text.xcconfig; name = "Pods-dootask.debug.xcconfig"; path = "Pods/Target Support Files/Pods-dootask/Pods-dootask.debug.xcconfig"; sourceTree = "<group>"; };
		53D698B8183819BE34033A88 /* Pods-DooTask.release.xcconfig */ = {isa = PBXFileReference; includeInIndex = 1; lastKnownFileType = text.xcconfig; name = "Pods-DooTask.release.xcconfig"; path = "Pods/Target Support Files/Pods-DooTask/Pods-DooTask.release.xcconfig"; sourceTree = "<group>"; };
		5B7109449833C8668CA8EA08 /* Pods-eeuiApp.debug.xcconfig */ = {isa = PBXFileReference; includeInIndex = 1; lastKnownFileType = text.xcconfig; name = "Pods-eeuiApp.debug.xcconfig"; path = "Pods/Target Support Files/Pods-eeuiApp/Pods-eeuiApp.debug.xcconfig"; sourceTree = "<group>"; };
		8468EBCABF04E29FA8A8E8C6 /* Pods-dootask.release.xcconfig */ = {isa = PBXFileReference; includeInIndex = 1; lastKnownFileType = text.xcconfig; name = "Pods-dootask.release.xcconfig"; path = "Pods/Target Support Files/Pods-dootask/Pods-dootask.release.xcconfig"; sourceTree = "<group>"; };
		95526B5EB63E184E1D5E1E22 /* Pods-ShareExtension.debug.xcconfig */ = {isa = PBXFileReference; includeInIndex = 1; lastKnownFileType = text.xcconfig; name = "Pods-ShareExtension.debug.xcconfig"; path = "Pods/Target Support Files/Pods-ShareExtension/Pods-ShareExtension.debug.xcconfig"; sourceTree = "<group>"; };
		A738B4F9AF20CA0CE1F3B5EB /* libPods-DooTask.a */ = {isa = PBXFileReference; explicitFileType = archive.ar; includeInIndex = 0; path = "libPods-DooTask.a"; sourceTree = BUILT_PRODUCTS_DIR; };
		AD4231092A29FA92002D1F86 /* ShareAssets.xcassets */ = {isa = PBXFileReference; lastKnownFileType = folder.assetcatalog; path = ShareAssets.xcassets; sourceTree = "<group>"; };
		ADBB0ACB2A273D73007C9CC8 /* ShareExtension.appex */ = {isa = PBXFileReference; explicitFileType = "wrapper.app-extension"; includeInIndex = 0; path = ShareExtension.appex; sourceTree = BUILT_PRODUCTS_DIR; };
		ADBB0ACD2A273D73007C9CC8 /* ShareViewController.h */ = {isa = PBXFileReference; lastKnownFileType = sourcecode.c.h; path = ShareViewController.h; sourceTree = "<group>"; };
		ADBB0ACE2A273D73007C9CC8 /* ShareViewController.m */ = {isa = PBXFileReference; lastKnownFileType = sourcecode.c.objc; path = ShareViewController.m; sourceTree = "<group>"; };
		ADBB0AD12A273D73007C9CC8 /* Base */ = {isa = PBXFileReference; lastKnownFileType = file.storyboard; name = Base; path = Base.lproj/MainInterface.storyboard; sourceTree = "<group>"; };
		ADBB0AD32A273D73007C9CC8 /* Info.plist */ = {isa = PBXFileReference; lastKnownFileType = text.plist.xml; path = Info.plist; sourceTree = "<group>"; };
		ADBB0ADF2A27414F007C9CC8 /* IdentityConfig.xcconfig */ = {isa = PBXFileReference; lastKnownFileType = text.xcconfig; path = IdentityConfig.xcconfig; sourceTree = "<group>"; };
		ADBB0AE22A2767A3007C9CC8 /* shareExtension.entitlements */ = {isa = PBXFileReference; lastKnownFileType = text.plist.entitlements; path = shareExtension.entitlements; sourceTree = "<group>"; };
		ADC446452A32C0670082503B /* zh-Hans */ = {isa = PBXFileReference; lastKnownFileType = text.plist.strings; name = "zh-Hans"; path = "zh-Hans.lproj/LaunchScreen.strings"; sourceTree = "<group>"; };
		ADC446462A32C0670082503B /* zh-Hans */ = {isa = PBXFileReference; lastKnownFileType = text.plist.strings; name = "zh-Hans"; path = "zh-Hans.lproj/Main.strings"; sourceTree = "<group>"; };
		ADC446472A32C0680082503B /* zh-Hans */ = {isa = PBXFileReference; lastKnownFileType = text.plist.strings; name = "zh-Hans"; path = "zh-Hans.lproj/MainInterface.strings"; sourceTree = "<group>"; };
		ADC446482A32C0710082503B /* zh-Hant */ = {isa = PBXFileReference; lastKnownFileType = text.plist.strings; name = "zh-Hant"; path = "zh-Hant.lproj/LaunchScreen.strings"; sourceTree = "<group>"; };
		ADC446492A32C0710082503B /* zh-Hant */ = {isa = PBXFileReference; lastKnownFileType = text.plist.strings; name = "zh-Hant"; path = "zh-Hant.lproj/Main.strings"; sourceTree = "<group>"; };
		ADC4464A2A32C0720082503B /* zh-Hant */ = {isa = PBXFileReference; lastKnownFileType = text.plist.strings; name = "zh-Hant"; path = "zh-Hant.lproj/MainInterface.strings"; sourceTree = "<group>"; };
		ADC4464C2A32C09B0082503B /* Base */ = {isa = PBXFileReference; lastKnownFileType = file.xib; name = Base; path = Base.lproj/ChatCell.xib; sourceTree = "<group>"; };
		ADC4464F2A32C0A70082503B /* zh-Hans */ = {isa = PBXFileReference; lastKnownFileType = text.plist.strings; name = "zh-Hans"; path = "zh-Hans.lproj/ChatCell.strings"; sourceTree = "<group>"; };
		ADC446512A32C0A70082503B /* zh-Hant */ = {isa = PBXFileReference; lastKnownFileType = text.plist.strings; name = "zh-Hant"; path = "zh-Hant.lproj/ChatCell.strings"; sourceTree = "<group>"; };
		ADC446572A32C85E0082503B /* en */ = {isa = PBXFileReference; lastKnownFileType = text.plist.strings; name = en; path = en.lproj/Localizable.strings; sourceTree = "<group>"; };
		ADC446592A32C8630082503B /* zh-Hans */ = {isa = PBXFileReference; lastKnownFileType = text.plist.strings; name = "zh-Hans"; path = "zh-Hans.lproj/Localizable.strings"; sourceTree = "<group>"; };
		ADC4465A2A32C8660082503B /* zh-Hant */ = {isa = PBXFileReference; lastKnownFileType = text.plist.strings; name = "zh-Hant"; path = "zh-Hant.lproj/Localizable.strings"; sourceTree = "<group>"; };
		ADC4465B2A32C8A40082503B /* ko */ = {isa = PBXFileReference; lastKnownFileType = text.plist.strings; name = ko; path = ko.lproj/LaunchScreen.strings; sourceTree = "<group>"; };
		ADC4465C2A32C8A40082503B /* ko */ = {isa = PBXFileReference; lastKnownFileType = text.plist.strings; name = ko; path = ko.lproj/Main.strings; sourceTree = "<group>"; };
		ADC4465D2A32C8A40082503B /* ko */ = {isa = PBXFileReference; lastKnownFileType = text.plist.strings; name = ko; path = ko.lproj/ChatCell.strings; sourceTree = "<group>"; };
		ADC4465E2A32C8A50082503B /* ko */ = {isa = PBXFileReference; lastKnownFileType = text.plist.strings; name = ko; path = ko.lproj/MainInterface.strings; sourceTree = "<group>"; };
		ADC4465F2A32C8A50082503B /* ko */ = {isa = PBXFileReference; lastKnownFileType = text.plist.strings; name = ko; path = ko.lproj/Localizable.strings; sourceTree = "<group>"; };
		ADC446602A32C8B30082503B /* ja */ = {isa = PBXFileReference; lastKnownFileType = text.plist.strings; name = ja; path = ja.lproj/LaunchScreen.strings; sourceTree = "<group>"; };
		ADC446612A32C8B30082503B /* ja */ = {isa = PBXFileReference; lastKnownFileType = text.plist.strings; name = ja; path = ja.lproj/Main.strings; sourceTree = "<group>"; };
		ADC446622A32C8B30082503B /* ja */ = {isa = PBXFileReference; lastKnownFileType = text.plist.strings; name = ja; path = ja.lproj/ChatCell.strings; sourceTree = "<group>"; };
		ADC446632A32C8B30082503B /* ja */ = {isa = PBXFileReference; lastKnownFileType = text.plist.strings; name = ja; path = ja.lproj/MainInterface.strings; sourceTree = "<group>"; };
		ADC446642A32C8B40082503B /* ja */ = {isa = PBXFileReference; lastKnownFileType = text.plist.strings; name = ja; path = ja.lproj/Localizable.strings; sourceTree = "<group>"; };
		ADC446652A32C9010082503B /* id */ = {isa = PBXFileReference; lastKnownFileType = text.plist.strings; name = id; path = id.lproj/LaunchScreen.strings; sourceTree = "<group>"; };
		ADC446662A32C9010082503B /* id */ = {isa = PBXFileReference; lastKnownFileType = text.plist.strings; name = id; path = id.lproj/Main.strings; sourceTree = "<group>"; };
		ADC446672A32C9010082503B /* id */ = {isa = PBXFileReference; lastKnownFileType = text.plist.strings; name = id; path = id.lproj/ChatCell.strings; sourceTree = "<group>"; };
		ADC446682A32C9020082503B /* id */ = {isa = PBXFileReference; lastKnownFileType = text.plist.strings; name = id; path = id.lproj/MainInterface.strings; sourceTree = "<group>"; };
		ADC446692A32C9020082503B /* id */ = {isa = PBXFileReference; lastKnownFileType = text.plist.strings; name = id; path = id.lproj/Localizable.strings; sourceTree = "<group>"; };
		ADC4466A2A32CBE90082503B /* de */ = {isa = PBXFileReference; lastKnownFileType = text.plist.strings; name = de; path = de.lproj/LaunchScreen.strings; sourceTree = "<group>"; };
		ADC4466B2A32CBE90082503B /* de */ = {isa = PBXFileReference; lastKnownFileType = text.plist.strings; name = de; path = de.lproj/Main.strings; sourceTree = "<group>"; };
		ADC4466C2A32CBE90082503B /* de */ = {isa = PBXFileReference; lastKnownFileType = text.plist.strings; name = de; path = de.lproj/ChatCell.strings; sourceTree = "<group>"; };
		ADC4466D2A32CBEA0082503B /* de */ = {isa = PBXFileReference; lastKnownFileType = text.plist.strings; name = de; path = de.lproj/MainInterface.strings; sourceTree = "<group>"; };
		ADC4466E2A32CBEA0082503B /* de */ = {isa = PBXFileReference; lastKnownFileType = text.plist.strings; name = de; path = de.lproj/Localizable.strings; sourceTree = "<group>"; };
		ADC446752A33252D0082503B /* ChatModel.m */ = {isa = PBXFileReference; fileEncoding = 4; lastKnownFileType = sourcecode.c.objc; path = ChatModel.m; sourceTree = "<group>"; };
		ADC446762A33252D0082503B /* ChatModel.h */ = {isa = PBXFileReference; fileEncoding = 4; lastKnownFileType = sourcecode.c.h; path = ChatModel.h; sourceTree = "<group>"; };
		ADC446782A3354F60082503B /* zh-HK */ = {isa = PBXFileReference; lastKnownFileType = text.plist.strings; name = "zh-HK"; path = "zh-HK.lproj/LaunchScreen.strings"; sourceTree = "<group>"; };
		ADC446792A3354F70082503B /* zh-HK */ = {isa = PBXFileReference; lastKnownFileType = text.plist.strings; name = "zh-HK"; path = "zh-HK.lproj/Main.strings"; sourceTree = "<group>"; };
		ADC4467A2A3354F70082503B /* zh-HK */ = {isa = PBXFileReference; lastKnownFileType = text.plist.strings; name = "zh-HK"; path = "zh-HK.lproj/ChatCell.strings"; sourceTree = "<group>"; };
		ADC4467B2A3354F70082503B /* zh-HK */ = {isa = PBXFileReference; lastKnownFileType = text.plist.strings; name = "zh-HK"; path = "zh-HK.lproj/MainInterface.strings"; sourceTree = "<group>"; };
		ADC4467C2A3354F80082503B /* zh-HK */ = {isa = PBXFileReference; lastKnownFileType = text.plist.strings; name = "zh-HK"; path = "zh-HK.lproj/Localizable.strings"; sourceTree = "<group>"; };
		ADDB13182A2D746A00AD375E /* PathNavigationView.h */ = {isa = PBXFileReference; lastKnownFileType = sourcecode.c.h; path = PathNavigationView.h; sourceTree = "<group>"; };
		ADDB13192A2D746A00AD375E /* PathNavigationView.m */ = {isa = PBXFileReference; lastKnownFileType = sourcecode.c.objc; path = PathNavigationView.m; sourceTree = "<group>"; };
		ADDB131C2A2D91C700AD375E /* NavCell.h */ = {isa = PBXFileReference; lastKnownFileType = sourcecode.c.h; path = NavCell.h; sourceTree = "<group>"; };
		ADDB131D2A2D91C700AD375E /* NavCell.m */ = {isa = PBXFileReference; lastKnownFileType = sourcecode.c.objc; path = NavCell.m; sourceTree = "<group>"; };
		ADDB131E2A2D91C700AD375E /* NavCell.xib */ = {isa = PBXFileReference; lastKnownFileType = file.xib; path = NavCell.xib; sourceTree = "<group>"; };
		ADE036A62A36BC3900A76B4F /* en-GB */ = {isa = PBXFileReference; lastKnownFileType = text.plist.strings; name = "en-GB"; path = "en-GB.lproj/LaunchScreen.strings"; sourceTree = "<group>"; };
		ADE036A72A36BC3900A76B4F /* en-GB */ = {isa = PBXFileReference; lastKnownFileType = text.plist.strings; name = "en-GB"; path = "en-GB.lproj/Main.strings"; sourceTree = "<group>"; };
		ADE036A82A36BC3900A76B4F /* en-GB */ = {isa = PBXFileReference; lastKnownFileType = text.plist.strings; name = "en-GB"; path = "en-GB.lproj/ChatCell.strings"; sourceTree = "<group>"; };
		ADE036A92A36BC3A00A76B4F /* en-GB */ = {isa = PBXFileReference; lastKnownFileType = text.plist.strings; name = "en-GB"; path = "en-GB.lproj/MainInterface.strings"; sourceTree = "<group>"; };
		ADE036AA2A36BC3A00A76B4F /* en-GB */ = {isa = PBXFileReference; lastKnownFileType = text.plist.strings; name = "en-GB"; path = "en-GB.lproj/Localizable.strings"; sourceTree = "<group>"; };
		ADE69EC32A2E30EA000C6883 /* ShareContent.h */ = {isa = PBXFileReference; lastKnownFileType = sourcecode.c.h; path = ShareContent.h; sourceTree = "<group>"; };
		ADE69EC42A2E30EA000C6883 /* ShareContent.m */ = {isa = PBXFileReference; lastKnownFileType = sourcecode.c.objc; path = ShareContent.m; sourceTree = "<group>"; };
		ADEB12492A286E7200FCE69B /* ShareListViewController.h */ = {isa = PBXFileReference; lastKnownFileType = sourcecode.c.h; path = ShareListViewController.h; sourceTree = "<group>"; };
		ADEB124A2A286E7200FCE69B /* ShareListViewController.m */ = {isa = PBXFileReference; lastKnownFileType = sourcecode.c.objc; path = ShareListViewController.m; sourceTree = "<group>"; };
		ADEB124F2A28757D00FCE69B /* ChatCell.h */ = {isa = PBXFileReference; lastKnownFileType = sourcecode.c.h; path = ChatCell.h; sourceTree = "<group>"; };
		ADEB12502A28757D00FCE69B /* ChatCell.m */ = {isa = PBXFileReference; lastKnownFileType = sourcecode.c.objc; path = ChatCell.m; sourceTree = "<group>"; };
		ADEB12542A2896F300FCE69B /* ShareManager.h */ = {isa = PBXFileReference; lastKnownFileType = sourcecode.c.h; path = ShareManager.h; sourceTree = "<group>"; };
		ADEB12552A2896F300FCE69B /* ShareManager.m */ = {isa = PBXFileReference; lastKnownFileType = sourcecode.c.objc; path = ShareManager.m; sourceTree = "<group>"; };
		B21003132191CB27001F2CBA /* AlipaySDK.bundle */ = {isa = PBXFileReference; lastKnownFileType = "wrapper.plug-in"; name = AlipaySDK.bundle; path = ../../../../../Downloads/AlipaySDK_No_UTDID/IOS/AlipaySDK.bundle; sourceTree = "<group>"; };
		B21003142191CB27001F2CBA /* AlipaySDK.framework */ = {isa = PBXFileReference; lastKnownFileType = wrapper.framework; name = AlipaySDK.framework; path = ../../../../../Downloads/AlipaySDK_No_UTDID/IOS/AlipaySDK.framework; sourceTree = "<group>"; };
		B21003172191CBB3001F2CBA /* AlipaySDK.framework */ = {isa = PBXFileReference; lastKnownFileType = wrapper.framework; name = AlipaySDK.framework; path = ../../../plugins/ios/AlipaySDK.framework; sourceTree = "<group>"; };
		B21003192191D5D7001F2CBA /* AlipaySDK.framework */ = {isa = PBXFileReference; lastKnownFileType = wrapper.framework; name = AlipaySDK.framework; path = eeuiApp/eeui/Utility/Alipay/AlipaySDK.framework; sourceTree = "<group>"; };
		B210031B2191D6C5001F2CBA /* CoreText.framework */ = {isa = PBXFileReference; lastKnownFileType = wrapper.framework; name = CoreText.framework; path = System/Library/Frameworks/CoreText.framework; sourceTree = SDKROOT; };
		B210031D2191D703001F2CBA /* Foundation.framework */ = {isa = PBXFileReference; lastKnownFileType = wrapper.framework; name = Foundation.framework; path = System/Library/Frameworks/Foundation.framework; sourceTree = SDKROOT; };
		B210031F2191D727001F2CBA /* CoreMotion.framework */ = {isa = PBXFileReference; lastKnownFileType = wrapper.framework; name = CoreMotion.framework; path = System/Library/Frameworks/CoreMotion.framework; sourceTree = SDKROOT; };
		B210034521924EEF001F2CBA /* libUMSPosPayOnly.a */ = {isa = PBXFileReference; lastKnownFileType = archive.ar; name = libUMSPosPayOnly.a; path = eeuiApp/eeui/Utility/Pay/Union/libUMSPosPayOnly.a; sourceTree = "<group>"; };
		B21356302124045E00EDD991 /* DooTask.app */ = {isa = PBXFileReference; explicitFileType = wrapper.application; includeInIndex = 0; path = DooTask.app; sourceTree = BUILT_PRODUCTS_DIR; };
		B21356332124045E00EDD991 /* AppDelegate.h */ = {isa = PBXFileReference; lastKnownFileType = sourcecode.c.h; path = AppDelegate.h; sourceTree = "<group>"; };
		B21356342124045E00EDD991 /* AppDelegate.m */ = {isa = PBXFileReference; lastKnownFileType = sourcecode.c.objc; path = AppDelegate.m; sourceTree = "<group>"; };
		B21356362124045E00EDD991 /* ViewController.h */ = {isa = PBXFileReference; lastKnownFileType = sourcecode.c.h; path = ViewController.h; sourceTree = "<group>"; };
		B21356372124045E00EDD991 /* ViewController.m */ = {isa = PBXFileReference; lastKnownFileType = sourcecode.c.objc; path = ViewController.m; sourceTree = "<group>"; };
		B213563A2124045E00EDD991 /* Base */ = {isa = PBXFileReference; lastKnownFileType = file.storyboard; name = Base; path = Base.lproj/Main.storyboard; sourceTree = "<group>"; };
		B213563C2124046000EDD991 /* Assets.xcassets */ = {isa = PBXFileReference; lastKnownFileType = folder.assetcatalog; path = Assets.xcassets; sourceTree = "<group>"; };
		B213563F2124046000EDD991 /* Base */ = {isa = PBXFileReference; lastKnownFileType = file.storyboard; name = Base; path = Base.lproj/LaunchScreen.storyboard; sourceTree = "<group>"; };
		B21356412124046000EDD991 /* Info.plist */ = {isa = PBXFileReference; lastKnownFileType = text.plist.xml; path = Info.plist; sourceTree = "<group>"; };
		B21356422124046000EDD991 /* main.m */ = {isa = PBXFileReference; lastKnownFileType = sourcecode.c.objc; path = main.m; sourceTree = "<group>"; };
		B21356482124046000EDD991 /* eeuiAppTests.xctest */ = {isa = PBXFileReference; explicitFileType = wrapper.cfbundle; includeInIndex = 0; path = eeuiAppTests.xctest; sourceTree = BUILT_PRODUCTS_DIR; };
		B21356532124046000EDD991 /* eeuiAppUITests.xctest */ = {isa = PBXFileReference; explicitFileType = wrapper.cfbundle; includeInIndex = 0; path = eeuiAppUITests.xctest; sourceTree = BUILT_PRODUCTS_DIR; };
		B2135A7D2124058300EDD991 /* AVFoundation.framework */ = {isa = PBXFileReference; lastKnownFileType = wrapper.framework; name = AVFoundation.framework; path = System/Library/Frameworks/AVFoundation.framework; sourceTree = SDKROOT; };
		B2135A7F2124059300EDD991 /* AssetsLibrary.framework */ = {isa = PBXFileReference; lastKnownFileType = wrapper.framework; name = AssetsLibrary.framework; path = System/Library/Frameworks/AssetsLibrary.framework; sourceTree = SDKROOT; };
		B2135A812124059C00EDD991 /* AudioToolbox.framework */ = {isa = PBXFileReference; lastKnownFileType = wrapper.framework; name = AudioToolbox.framework; path = System/Library/Frameworks/AudioToolbox.framework; sourceTree = SDKROOT; };
		B2135A83212405AC00EDD991 /* CFNetwork.framework */ = {isa = PBXFileReference; lastKnownFileType = wrapper.framework; name = CFNetwork.framework; path = System/Library/Frameworks/CFNetwork.framework; sourceTree = SDKROOT; };
		B2135A85212405B800EDD991 /* CoreAudio.framework */ = {isa = PBXFileReference; lastKnownFileType = wrapper.framework; name = CoreAudio.framework; path = System/Library/Frameworks/CoreAudio.framework; sourceTree = SDKROOT; };
		B2135A87212405C300EDD991 /* CoreGraphics.framework */ = {isa = PBXFileReference; lastKnownFileType = wrapper.framework; name = CoreGraphics.framework; path = System/Library/Frameworks/CoreGraphics.framework; sourceTree = SDKROOT; };
		B2135A89212405F300EDD991 /* CoreLocation.framework */ = {isa = PBXFileReference; lastKnownFileType = wrapper.framework; name = CoreLocation.framework; path = System/Library/Frameworks/CoreLocation.framework; sourceTree = SDKROOT; };
		B2135A8B212405FA00EDD991 /* CoreMedia.framework */ = {isa = PBXFileReference; lastKnownFileType = wrapper.framework; name = CoreMedia.framework; path = System/Library/Frameworks/CoreMedia.framework; sourceTree = SDKROOT; };
		B2135A8D2124065600EDD991 /* CoreTelephony.framework */ = {isa = PBXFileReference; lastKnownFileType = wrapper.framework; name = CoreTelephony.framework; path = System/Library/Frameworks/CoreTelephony.framework; sourceTree = SDKROOT; };
		B2135A8F2124066800EDD991 /* CoreVideo.framework */ = {isa = PBXFileReference; lastKnownFileType = wrapper.framework; name = CoreVideo.framework; path = System/Library/Frameworks/CoreVideo.framework; sourceTree = SDKROOT; };
		B2135A912124067200EDD991 /* ImageIO.framework */ = {isa = PBXFileReference; lastKnownFileType = wrapper.framework; name = ImageIO.framework; path = System/Library/Frameworks/ImageIO.framework; sourceTree = SDKROOT; };
		B2135A932124067F00EDD991 /* libc++abi.tbd */ = {isa = PBXFileReference; lastKnownFileType = "sourcecode.text-based-dylib-definition"; name = "libc++abi.tbd"; path = "usr/lib/libc++abi.tbd"; sourceTree = SDKROOT; };
		B2135A942124067F00EDD991 /* libc++.tbd */ = {isa = PBXFileReference; lastKnownFileType = "sourcecode.text-based-dylib-definition"; name = "libc++.tbd"; path = "usr/lib/libc++.tbd"; sourceTree = SDKROOT; };
		B2135A972124068900EDD991 /* libsqlite3.tbd */ = {isa = PBXFileReference; lastKnownFileType = "sourcecode.text-based-dylib-definition"; name = libsqlite3.tbd; path = usr/lib/libsqlite3.tbd; sourceTree = SDKROOT; };
		B2135A99212406A000EDD991 /* libstdc++.tbd */ = {isa = PBXFileReference; lastKnownFileType = "sourcecode.text-based-dylib-definition"; name = "libstdc++.tbd"; path = "usr/lib/libstdc++.tbd"; sourceTree = SDKROOT; };
		B2135A9B212406B000EDD991 /* libxml2.tbd */ = {isa = PBXFileReference; lastKnownFileType = "sourcecode.text-based-dylib-definition"; name = libxml2.tbd; path = usr/lib/libxml2.tbd; sourceTree = SDKROOT; };
		B2135A9D212406BB00EDD991 /* libz.tbd */ = {isa = PBXFileReference; lastKnownFileType = "sourcecode.text-based-dylib-definition"; name = libz.tbd; path = usr/lib/libz.tbd; sourceTree = SDKROOT; };
		B2135A9F212406C200EDD991 /* MapKit.framework */ = {isa = PBXFileReference; lastKnownFileType = wrapper.framework; name = MapKit.framework; path = System/Library/Frameworks/MapKit.framework; sourceTree = SDKROOT; };
		B2135AA1212406CC00EDD991 /* OpenGLES.framework */ = {isa = PBXFileReference; lastKnownFileType = wrapper.framework; name = OpenGLES.framework; path = System/Library/Frameworks/OpenGLES.framework; sourceTree = SDKROOT; };
		B2135AA3212406D500EDD991 /* QuartzCore.framework */ = {isa = PBXFileReference; lastKnownFileType = wrapper.framework; name = QuartzCore.framework; path = System/Library/Frameworks/QuartzCore.framework; sourceTree = SDKROOT; };
		B2135AA5212406DD00EDD991 /* SystemConfiguration.framework */ = {isa = PBXFileReference; lastKnownFileType = wrapper.framework; name = SystemConfiguration.framework; path = System/Library/Frameworks/SystemConfiguration.framework; sourceTree = SDKROOT; };
		B2135AA7212406E800EDD991 /* UIKit.framework */ = {isa = PBXFileReference; lastKnownFileType = wrapper.framework; name = UIKit.framework; path = System/Library/Frameworks/UIKit.framework; sourceTree = SDKROOT; };
		B2135AA9212406EF00EDD991 /* Photos.framework */ = {isa = PBXFileReference; lastKnownFileType = wrapper.framework; name = Photos.framework; path = System/Library/Frameworks/Photos.framework; sourceTree = SDKROOT; };
		B2135AAB212406F800EDD991 /* SafariServices.framework */ = {isa = PBXFileReference; lastKnownFileType = wrapper.framework; name = SafariServices.framework; path = System/Library/Frameworks/SafariServices.framework; sourceTree = SDKROOT; };
		B25A71E921257A0500AA0AB9 /* bundlejs */ = {isa = PBXFileReference; lastKnownFileType = folder; path = bundlejs; sourceTree = "<group>"; };
		B2BF762C23320B4D001DF25B /* PrefixHeader.pch */ = {isa = PBXFileReference; lastKnownFileType = sourcecode.c.h; path = PrefixHeader.pch; sourceTree = "<group>"; };
		B2FF80F222290D1800DB1E47 /* eeuiApp.entitlements */ = {isa = PBXFileReference; lastKnownFileType = text.plist.entitlements; path = eeuiApp.entitlements; sourceTree = "<group>"; };
		B3954AB0077F67222589658D /* libPods-eeuiAppTests.a */ = {isa = PBXFileReference; explicitFileType = archive.ar; includeInIndex = 0; path = "libPods-eeuiAppTests.a"; sourceTree = BUILT_PRODUCTS_DIR; };
		D238E6D44FDE0B1722A31614 /* Pods-ShareExtension.release.xcconfig */ = {isa = PBXFileReference; includeInIndex = 1; lastKnownFileType = text.xcconfig; name = "Pods-ShareExtension.release.xcconfig"; path = "Pods/Target Support Files/Pods-ShareExtension/Pods-ShareExtension.release.xcconfig"; sourceTree = "<group>"; };
		D6D5AB4308DC986678F7CAFE /* Pods-DooTask.debug.xcconfig */ = {isa = PBXFileReference; includeInIndex = 1; lastKnownFileType = text.xcconfig; name = "Pods-DooTask.debug.xcconfig"; path = "Pods/Target Support Files/Pods-DooTask/Pods-DooTask.debug.xcconfig"; sourceTree = "<group>"; };
		D8F4A873379E80A140D7BD31 /* Pods-eeuiApp.release.xcconfig */ = {isa = PBXFileReference; includeInIndex = 1; lastKnownFileType = text.xcconfig; name = "Pods-eeuiApp.release.xcconfig"; path = "Pods/Target Support Files/Pods-eeuiApp/Pods-eeuiApp.release.xcconfig"; sourceTree = "<group>"; };
		F8536FB2214044572CB0622D /* libPods-ShareExtension.a */ = {isa = PBXFileReference; explicitFileType = archive.ar; includeInIndex = 0; path = "libPods-ShareExtension.a"; sourceTree = BUILT_PRODUCTS_DIR; };
/* End PBXFileReference section */

/* Begin PBXFrameworksBuildPhase section */
		ADBB0AC82A273D73007C9CC8 /* Frameworks */ = {
			isa = PBXFrameworksBuildPhase;
			buildActionMask = 2147483647;
			files = (
				C995004175CF7D52FDD6D92A /* libPods-ShareExtension.a in Frameworks */,
			);
			runOnlyForDeploymentPostprocessing = 0;
		};
		B213562D2124045E00EDD991 /* Frameworks */ = {
			isa = PBXFrameworksBuildPhase;
			buildActionMask = 2147483647;
			files = (
				B21003202191D727001F2CBA /* CoreMotion.framework in Frameworks */,
				B210031E2191D703001F2CBA /* Foundation.framework in Frameworks */,
				B2135A88212405C300EDD991 /* CoreGraphics.framework in Frameworks */,
				B210031C2191D6C5001F2CBA /* CoreText.framework in Frameworks */,
				B2135AAC212406F800EDD991 /* SafariServices.framework in Frameworks */,
				B2135AAA212406EF00EDD991 /* Photos.framework in Frameworks */,
				B2135AA8212406E800EDD991 /* UIKit.framework in Frameworks */,
				B2135AA6212406DD00EDD991 /* SystemConfiguration.framework in Frameworks */,
				B2135AA4212406D500EDD991 /* QuartzCore.framework in Frameworks */,
				B2135AA2212406CC00EDD991 /* OpenGLES.framework in Frameworks */,
				B2135AA0212406C200EDD991 /* MapKit.framework in Frameworks */,
				B2135A9E212406BB00EDD991 /* libz.tbd in Frameworks */,
				B2135A9C212406B000EDD991 /* libxml2.tbd in Frameworks */,
				3AE14377282DE98E00B5E14E /* UserNotifications.framework in Frameworks */,
				B2135A9A212406A000EDD991 /* libstdc++.tbd in Frameworks */,
				B2135A982124068900EDD991 /* libsqlite3.tbd in Frameworks */,
				B2135A952124067F00EDD991 /* libc++abi.tbd in Frameworks */,
				B2135A962124067F00EDD991 /* libc++.tbd in Frameworks */,
				B2135A922124067200EDD991 /* ImageIO.framework in Frameworks */,
				B2135A902124066800EDD991 /* CoreVideo.framework in Frameworks */,
				B2135A8E2124065600EDD991 /* CoreTelephony.framework in Frameworks */,
				B2135A8C212405FA00EDD991 /* CoreMedia.framework in Frameworks */,
				B2135A8A212405F300EDD991 /* CoreLocation.framework in Frameworks */,
				B2135A86212405B800EDD991 /* CoreAudio.framework in Frameworks */,
				B2135A84212405AC00EDD991 /* CFNetwork.framework in Frameworks */,
				B2135A822124059C00EDD991 /* AudioToolbox.framework in Frameworks */,
				B2135A802124059300EDD991 /* AssetsLibrary.framework in Frameworks */,
				B2135A7E2124058300EDD991 /* AVFoundation.framework in Frameworks */,
				1AC7B52F5CED3B9A5456C7C5 /* libPods-DooTask.a in Frameworks */,
			);
			runOnlyForDeploymentPostprocessing = 0;
		};
		B21356452124046000EDD991 /* Frameworks */ = {
			isa = PBXFrameworksBuildPhase;
			buildActionMask = 2147483647;
			files = (
			);
			runOnlyForDeploymentPostprocessing = 0;
		};
		B21356502124046000EDD991 /* Frameworks */ = {
			isa = PBXFrameworksBuildPhase;
			buildActionMask = 2147483647;
			files = (
			);
			runOnlyForDeploymentPostprocessing = 0;
		};
/* End PBXFrameworksBuildPhase section */

/* Begin PBXGroup section */
		ADBB0ACC2A273D73007C9CC8 /* shareExtension */ = {
			isa = PBXGroup;
			children = (
				ADEB12482A284ABE00FCE69B /* share */,
				ADBB0AE22A2767A3007C9CC8 /* shareExtension.entitlements */,
				ADBB0ACD2A273D73007C9CC8 /* ShareViewController.h */,
				ADBB0ACE2A273D73007C9CC8 /* ShareViewController.m */,
				ADBB0AD02A273D73007C9CC8 /* MainInterface.storyboard */,
				ADBB0AD32A273D73007C9CC8 /* Info.plist */,
				AD4231092A29FA92002D1F86 /* ShareAssets.xcassets */,
				ADC446582A32C85E0082503B /* Localizable.strings */,
			);
			path = shareExtension;
			sourceTree = "<group>";
		};
		ADBB0ADB2A273E9B007C9CC8 /* Config */ = {
			isa = PBXGroup;
			children = (
				ADBB0ADF2A27414F007C9CC8 /* IdentityConfig.xcconfig */,
			);
			path = Config;
			sourceTree = "<group>";
		};
		ADDB131B2A2D747100AD375E /* navView */ = {
			isa = PBXGroup;
			children = (
				ADDB13182A2D746A00AD375E /* PathNavigationView.h */,
				ADDB13192A2D746A00AD375E /* PathNavigationView.m */,
				ADDB131C2A2D91C700AD375E /* NavCell.h */,
				ADDB131D2A2D91C700AD375E /* NavCell.m */,
				ADDB131E2A2D91C700AD375E /* NavCell.xib */,
			);
			path = navView;
			sourceTree = "<group>";
		};
		ADEB12482A284ABE00FCE69B /* share */ = {
			isa = PBXGroup;
			children = (
				ADDB131B2A2D747100AD375E /* navView */,
				ADEB12492A286E7200FCE69B /* ShareListViewController.h */,
				ADEB124A2A286E7200FCE69B /* ShareListViewController.m */,
				ADEB124F2A28757D00FCE69B /* ChatCell.h */,
				ADEB12502A28757D00FCE69B /* ChatCell.m */,
				ADC4464D2A32C09B0082503B /* ChatCell.xib */,
				ADEB12542A2896F300FCE69B /* ShareManager.h */,
				ADEB12552A2896F300FCE69B /* ShareManager.m */,
				ADE69EC32A2E30EA000C6883 /* ShareContent.h */,
				ADE69EC42A2E30EA000C6883 /* ShareContent.m */,
				ADC446762A33252D0082503B /* ChatModel.h */,
				ADC446752A33252D0082503B /* ChatModel.m */,
			);
			path = share;
			sourceTree = "<group>";
		};
		AE4D0F9343A758F3C54EA5E0 /* Pods */ = {
			isa = PBXGroup;
			children = (
				5B7109449833C8668CA8EA08 /* Pods-eeuiApp.debug.xcconfig */,
				D8F4A873379E80A140D7BD31 /* Pods-eeuiApp.release.xcconfig */,
				95526B5EB63E184E1D5E1E22 /* Pods-ShareExtension.debug.xcconfig */,
				D238E6D44FDE0B1722A31614 /* Pods-ShareExtension.release.xcconfig */,
				4DD47481746A33D998BAC3E1 /* Pods-dootask.debug.xcconfig */,
				8468EBCABF04E29FA8A8E8C6 /* Pods-dootask.release.xcconfig */,
				D6D5AB4308DC986678F7CAFE /* Pods-DooTask.debug.xcconfig */,
				53D698B8183819BE34033A88 /* Pods-DooTask.release.xcconfig */,
			);
			name = Pods;
			sourceTree = "<group>";
		};
		B21356272124045E00EDD991 = {
			isa = PBXGroup;
			children = (
				ADBB0ADB2A273E9B007C9CC8 /* Config */,
				B21356322124045E00EDD991 /* eeuiApp */,
				AE4D0F9343A758F3C54EA5E0 /* Pods */,
				ADBB0ACC2A273D73007C9CC8 /* shareExtension */,
				B21356312124045E00EDD991 /* Products */,
				B25A71EB21257A0900AA0AB9 /* resource */,
				BEB6946D3D54EEE58CEAD551 /* Frameworks */,
			);
			sourceTree = "<group>";
		};
		B21356312124045E00EDD991 /* Products */ = {
			isa = PBXGroup;
			children = (
				B21356302124045E00EDD991 /* DooTask.app */,
				B21356482124046000EDD991 /* eeuiAppTests.xctest */,
				B21356532124046000EDD991 /* eeuiAppUITests.xctest */,
				ADBB0ACB2A273D73007C9CC8 /* ShareExtension.appex */,
			);
			name = Products;
			sourceTree = "<group>";
		};
		B21356322124045E00EDD991 /* eeuiApp */ = {
			isa = PBXGroup;
			children = (
				B21356332124045E00EDD991 /* AppDelegate.h */,
				B21356342124045E00EDD991 /* AppDelegate.m */,
				B213563C2124046000EDD991 /* Assets.xcassets */,
				B2FF80F222290D1800DB1E47 /* eeuiApp.entitlements */,
				B21356412124046000EDD991 /* Info.plist */,
				B213563E2124046000EDD991 /* LaunchScreen.storyboard */,
				B21356422124046000EDD991 /* main.m */,
				B21356392124045E00EDD991 /* Main.storyboard */,
				B21356362124045E00EDD991 /* ViewController.h */,
				B21356372124045E00EDD991 /* ViewController.m */,
				B2BF762C23320B4D001DF25B /* PrefixHeader.pch */,
			);
			path = eeuiApp;
			sourceTree = "<group>";
		};
		B25A71EB21257A0900AA0AB9 /* resource */ = {
			isa = PBXGroup;
			children = (
				B25A71E921257A0500AA0AB9 /* bundlejs */,
			);
			name = resource;
			sourceTree = "<group>";
		};
		BEB6946D3D54EEE58CEAD551 /* Frameworks */ = {
			isa = PBXGroup;
			children = (
				3AE14378282E153500B5E14E /* UMDevice.framework */,
				3AE14375282DB85800B5E14E /* UserNotifications.framework */,
				B210034521924EEF001F2CBA /* libUMSPosPayOnly.a */,
				B210031F2191D727001F2CBA /* CoreMotion.framework */,
				B210031D2191D703001F2CBA /* Foundation.framework */,
				B210031B2191D6C5001F2CBA /* CoreText.framework */,
				B21003172191CBB3001F2CBA /* AlipaySDK.framework */,
				B21003192191D5D7001F2CBA /* AlipaySDK.framework */,
				B21003132191CB27001F2CBA /* AlipaySDK.bundle */,
				B21003142191CB27001F2CBA /* AlipaySDK.framework */,
				B2135AAB212406F800EDD991 /* SafariServices.framework */,
				B2135AA9212406EF00EDD991 /* Photos.framework */,
				B2135AA7212406E800EDD991 /* UIKit.framework */,
				B2135AA5212406DD00EDD991 /* SystemConfiguration.framework */,
				B2135AA3212406D500EDD991 /* QuartzCore.framework */,
				B2135AA1212406CC00EDD991 /* OpenGLES.framework */,
				B2135A9F212406C200EDD991 /* MapKit.framework */,
				B2135A9D212406BB00EDD991 /* libz.tbd */,
				B2135A9B212406B000EDD991 /* libxml2.tbd */,
				B2135A99212406A000EDD991 /* libstdc++.tbd */,
				B2135A972124068900EDD991 /* libsqlite3.tbd */,
				B2135A942124067F00EDD991 /* libc++.tbd */,
				B2135A932124067F00EDD991 /* libc++abi.tbd */,
				B2135A912124067200EDD991 /* ImageIO.framework */,
				B2135A8F2124066800EDD991 /* CoreVideo.framework */,
				B2135A8D2124065600EDD991 /* CoreTelephony.framework */,
				B2135A8B212405FA00EDD991 /* CoreMedia.framework */,
				B2135A89212405F300EDD991 /* CoreLocation.framework */,
				B2135A87212405C300EDD991 /* CoreGraphics.framework */,
				B2135A85212405B800EDD991 /* CoreAudio.framework */,
				B2135A83212405AC00EDD991 /* CFNetwork.framework */,
				B2135A812124059C00EDD991 /* AudioToolbox.framework */,
				B2135A7F2124059300EDD991 /* AssetsLibrary.framework */,
				B2135A7D2124058300EDD991 /* AVFoundation.framework */,
				B3954AB0077F67222589658D /* libPods-eeuiAppTests.a */,
				21618EA4FE8A980870624E1A /* libPods-eeuiAppUITests.a */,
				F8536FB2214044572CB0622D /* libPods-ShareExtension.a */,
				A738B4F9AF20CA0CE1F3B5EB /* libPods-DooTask.a */,
			);
			name = Frameworks;
			sourceTree = "<group>";
		};
/* End PBXGroup section */

/* Begin PBXNativeTarget section */
		ADBB0ACA2A273D73007C9CC8 /* ShareExtension */ = {
			isa = PBXNativeTarget;
			buildConfigurationList = ADBB0ADA2A273D74007C9CC8 /* Build configuration list for PBXNativeTarget "ShareExtension" */;
			buildPhases = (
				1EC215561853F831FADD0F57 /* [CP] Check Pods Manifest.lock */,
				ADBB0AC72A273D73007C9CC8 /* Sources */,
				ADBB0AC82A273D73007C9CC8 /* Frameworks */,
				ADBB0AC92A273D73007C9CC8 /* Resources */,
				0D7D746D721681032DF7207C /* [CP] Copy Pods Resources */,
			);
			buildRules = (
			);
			dependencies = (
			);
			name = ShareExtension;
			productName = shareExtension;
			productReference = ADBB0ACB2A273D73007C9CC8 /* ShareExtension.appex */;
			productType = "com.apple.product-type.app-extension";
		};
		B213562F2124045E00EDD991 /* DooTask */ = {
			isa = PBXNativeTarget;
			buildConfigurationList = B213565C2124046000EDD991 /* Build configuration list for PBXNativeTarget "DooTask" */;
			buildPhases = (
				6CBDE484C89DF9ADF06C0F90 /* [CP] Check Pods Manifest.lock */,
				B213562C2124045E00EDD991 /* Sources */,
				B213562D2124045E00EDD991 /* Frameworks */,
				B213562E2124045E00EDD991 /* Resources */,
				374DF61A5C3036B8016C4D2D /* [CP] Copy Pods Resources */,
				ADBB0AD72A273D74007C9CC8 /* Embed Foundation Extensions */,
				A2BB34551C0D910F9BF07807 /* [CP] Embed Pods Frameworks */,
			);
			buildRules = (
			);
			dependencies = (
				ADBB0AD52A273D73007C9CC8 /* PBXTargetDependency */,
			);
			name = DooTask;
			productName = eeuiApp;
			productReference = B21356302124045E00EDD991 /* DooTask.app */;
			productType = "com.apple.product-type.application";
		};
		B21356472124046000EDD991 /* eeuiAppTests */ = {
			isa = PBXNativeTarget;
			buildConfigurationList = B213565F2124046000EDD991 /* Build configuration list for PBXNativeTarget "eeuiAppTests" */;
			buildPhases = (
				B21356442124046000EDD991 /* Sources */,
				B21356452124046000EDD991 /* Frameworks */,
				B21356462124046000EDD991 /* Resources */,
			);
			buildRules = (
			);
			dependencies = (
				B213564A2124046000EDD991 /* PBXTargetDependency */,
			);
			name = eeuiAppTests;
			productName = eeuiAppTests;
			productReference = B21356482124046000EDD991 /* eeuiAppTests.xctest */;
			productType = "com.apple.product-type.bundle.unit-test";
		};
		B21356522124046000EDD991 /* eeuiAppUITests */ = {
			isa = PBXNativeTarget;
			buildConfigurationList = B21356622124046000EDD991 /* Build configuration list for PBXNativeTarget "eeuiAppUITests" */;
			buildPhases = (
				B213564F2124046000EDD991 /* Sources */,
				B21356502124046000EDD991 /* Frameworks */,
				B21356512124046000EDD991 /* Resources */,
			);
			buildRules = (
			);
			dependencies = (
				B21356552124046000EDD991 /* PBXTargetDependency */,
			);
			name = eeuiAppUITests;
			productName = eeuiAppUITests;
			productReference = B21356532124046000EDD991 /* eeuiAppUITests.xctest */;
			productType = "com.apple.product-type.bundle.ui-testing";
		};
/* End PBXNativeTarget section */

/* Begin PBXProject section */
		B21356282124045E00EDD991 /* Project object */ = {
			isa = PBXProject;
			attributes = {
				LastUpgradeCheck = 0940;
				TargetAttributes = {
					ADBB0ACA2A273D73007C9CC8 = {
						CreatedOnToolsVersion = 14.3;
					};
					B213562F2124045E00EDD991 = {
						CreatedOnToolsVersion = 9.4.1;
						SystemCapabilities = {
							com.apple.BackgroundModes = {
								enabled = 0;
							};
							com.apple.Push = {
								enabled = 0;
							};
						};
					};
					B21356472124046000EDD991 = {
						CreatedOnToolsVersion = 9.4.1;
						TestTargetID = B213562F2124045E00EDD991;
					};
					B21356522124046000EDD991 = {
						CreatedOnToolsVersion = 9.4.1;
						TestTargetID = B213562F2124045E00EDD991;
					};
				};
			};
			buildConfigurationList = B213562B2124045E00EDD991 /* Build configuration list for PBXProject "eeuiApp" */;
			compatibilityVersion = "Xcode 9.3";
			developmentRegion = en;
			hasScannedForEncodings = 0;
			knownRegions = (
				en,
				Base,
				"zh-Hans",
				"zh-Hant",
				ko,
				ja,
				id,
				de,
				"zh-HK",
				"en-GB",
			);
			mainGroup = B21356272124045E00EDD991;
			productRefGroup = B21356312124045E00EDD991 /* Products */;
			projectDirPath = "";
			projectRoot = "";
			targets = (
				B213562F2124045E00EDD991 /* DooTask */,
				B21356472124046000EDD991 /* eeuiAppTests */,
				B21356522124046000EDD991 /* eeuiAppUITests */,
				ADBB0ACA2A273D73007C9CC8 /* ShareExtension */,
			);
		};
/* End PBXProject section */

/* Begin PBXResourcesBuildPhase section */
		ADBB0AC92A273D73007C9CC8 /* Resources */ = {
			isa = PBXResourcesBuildPhase;
			buildActionMask = 2147483647;
			files = (
				ADBB0AE12A27414F007C9CC8 /* IdentityConfig.xcconfig in Resources */,
				ADC446562A32C85E0082503B /* Localizable.strings in Resources */,
				ADDB13202A2D91C700AD375E /* NavCell.xib in Resources */,
				ADC4464B2A32C09B0082503B /* ChatCell.xib in Resources */,
				AD42310A2A29FA92002D1F86 /* ShareAssets.xcassets in Resources */,
				ADBB0AD22A273D73007C9CC8 /* MainInterface.storyboard in Resources */,
			);
			runOnlyForDeploymentPostprocessing = 0;
		};
		B213562E2124045E00EDD991 /* Resources */ = {
			isa = PBXResourcesBuildPhase;
			buildActionMask = 2147483647;
			files = (
				B25A71EA21257A0500AA0AB9 /* bundlejs in Resources */,
				ADC446552A32C85E0082503B /* Localizable.strings in Resources */,
				B21356402124046000EDD991 /* LaunchScreen.storyboard in Resources */,
				B213563D2124046000EDD991 /* Assets.xcassets in Resources */,
				ADBB0AE02A27414F007C9CC8 /* IdentityConfig.xcconfig in Resources */,
				B213563B2124045E00EDD991 /* Main.storyboard in Resources */,
			);
			runOnlyForDeploymentPostprocessing = 0;
		};
		B21356462124046000EDD991 /* Resources */ = {
			isa = PBXResourcesBuildPhase;
			buildActionMask = 2147483647;
			files = (
			);
			runOnlyForDeploymentPostprocessing = 0;
		};
		B21356512124046000EDD991 /* Resources */ = {
			isa = PBXResourcesBuildPhase;
			buildActionMask = 2147483647;
			files = (
			);
			runOnlyForDeploymentPostprocessing = 0;
		};
/* End PBXResourcesBuildPhase section */

/* Begin PBXShellScriptBuildPhase section */
		0D7D746D721681032DF7207C /* [CP] Copy Pods Resources */ = {
			isa = PBXShellScriptBuildPhase;
			buildActionMask = 2147483647;
			files = (
			);
			inputFileListPaths = (
				"${PODS_ROOT}/Target Support Files/Pods-ShareExtension/Pods-ShareExtension-resources-${CONFIGURATION}-input-files.xcfilelist",
			);
			name = "[CP] Copy Pods Resources";
			outputFileListPaths = (
				"${PODS_ROOT}/Target Support Files/Pods-ShareExtension/Pods-ShareExtension-resources-${CONFIGURATION}-output-files.xcfilelist",
			);
			runOnlyForDeploymentPostprocessing = 0;
			shellPath = /bin/sh;
			shellScript = "\"${PODS_ROOT}/Target Support Files/Pods-ShareExtension/Pods-ShareExtension-resources.sh\"\n";
			showEnvVarsInLog = 0;
		};
		1EC215561853F831FADD0F57 /* [CP] Check Pods Manifest.lock */ = {
			isa = PBXShellScriptBuildPhase;
			buildActionMask = 2147483647;
			files = (
			);
			inputFileListPaths = (
			);
			inputPaths = (
				"${PODS_PODFILE_DIR_PATH}/Podfile.lock",
				"${PODS_ROOT}/Manifest.lock",
			);
			name = "[CP] Check Pods Manifest.lock";
			outputFileListPaths = (
			);
			outputPaths = (
				"$(DERIVED_FILE_DIR)/Pods-ShareExtension-checkManifestLockResult.txt",
			);
			runOnlyForDeploymentPostprocessing = 0;
			shellPath = /bin/sh;
			shellScript = "diff \"${PODS_PODFILE_DIR_PATH}/Podfile.lock\" \"${PODS_ROOT}/Manifest.lock\" > /dev/null\nif [ $? != 0 ] ; then\n    # print error to STDERR\n    echo \"error: The sandbox is not in sync with the Podfile.lock. Run 'pod install' or update your CocoaPods installation.\" >&2\n    exit 1\nfi\n# This output is used by Xcode 'outputs' to avoid re-running this script phase.\necho \"SUCCESS\" > \"${SCRIPT_OUTPUT_FILE_0}\"\n";
			showEnvVarsInLog = 0;
		};
		374DF61A5C3036B8016C4D2D /* [CP] Copy Pods Resources */ = {
			isa = PBXShellScriptBuildPhase;
			buildActionMask = 2147483647;
			files = (
			);
			inputFileListPaths = (
				"${PODS_ROOT}/Target Support Files/Pods-DooTask/Pods-DooTask-resources-${CONFIGURATION}-input-files.xcfilelist",
			);
			name = "[CP] Copy Pods Resources";
			outputFileListPaths = (
				"${PODS_ROOT}/Target Support Files/Pods-DooTask/Pods-DooTask-resources-${CONFIGURATION}-output-files.xcfilelist",
			);
			runOnlyForDeploymentPostprocessing = 0;
			shellPath = /bin/sh;
			shellScript = "\"${PODS_ROOT}/Target Support Files/Pods-DooTask/Pods-DooTask-resources.sh\"\n";
			showEnvVarsInLog = 0;
		};
		6CBDE484C89DF9ADF06C0F90 /* [CP] Check Pods Manifest.lock */ = {
			isa = PBXShellScriptBuildPhase;
			buildActionMask = 2147483647;
			files = (
			);
			inputPaths = (
				"${PODS_PODFILE_DIR_PATH}/Podfile.lock",
				"${PODS_ROOT}/Manifest.lock",
			);
			name = "[CP] Check Pods Manifest.lock";
			outputPaths = (
				"$(DERIVED_FILE_DIR)/Pods-DooTask-checkManifestLockResult.txt",
			);
			runOnlyForDeploymentPostprocessing = 0;
			shellPath = /bin/sh;
			shellScript = "diff \"${PODS_PODFILE_DIR_PATH}/Podfile.lock\" \"${PODS_ROOT}/Manifest.lock\" > /dev/null\nif [ $? != 0 ] ; then\n    # print error to STDERR\n    echo \"error: The sandbox is not in sync with the Podfile.lock. Run 'pod install' or update your CocoaPods installation.\" >&2\n    exit 1\nfi\n# This output is used by Xcode 'outputs' to avoid re-running this script phase.\necho \"SUCCESS\" > \"${SCRIPT_OUTPUT_FILE_0}\"\n";
			showEnvVarsInLog = 0;
		};
		A2BB34551C0D910F9BF07807 /* [CP] Embed Pods Frameworks */ = {
			isa = PBXShellScriptBuildPhase;
			buildActionMask = 2147483647;
			files = (
			);
			inputFileListPaths = (
				"${PODS_ROOT}/Target Support Files/Pods-DooTask/Pods-DooTask-frameworks-${CONFIGURATION}-input-files.xcfilelist",
			);
			name = "[CP] Embed Pods Frameworks";
			outputFileListPaths = (
				"${PODS_ROOT}/Target Support Files/Pods-DooTask/Pods-DooTask-frameworks-${CONFIGURATION}-output-files.xcfilelist",
			);
			runOnlyForDeploymentPostprocessing = 0;
			shellPath = /bin/sh;
			shellScript = "\"${PODS_ROOT}/Target Support Files/Pods-DooTask/Pods-DooTask-frameworks.sh\"\n";
			showEnvVarsInLog = 0;
		};
/* End PBXShellScriptBuildPhase section */

/* Begin PBXSourcesBuildPhase section */
		ADBB0AC72A273D73007C9CC8 /* Sources */ = {
			isa = PBXSourcesBuildPhase;
			buildActionMask = 2147483647;
			files = (
				ADEB12522A28757D00FCE69B /* ChatCell.m in Sources */,
				ADEB124B2A286E7200FCE69B /* ShareListViewController.m in Sources */,
				ADBB0ACF2A273D73007C9CC8 /* ShareViewController.m in Sources */,
				ADDB131A2A2D746A00AD375E /* PathNavigationView.m in Sources */,
				ADEB12562A2896F300FCE69B /* ShareManager.m in Sources */,
				ADDB131F2A2D91C700AD375E /* NavCell.m in Sources */,
				ADE69EC52A2E30EA000C6883 /* ShareContent.m in Sources */,
				ADC446772A33252D0082503B /* ChatModel.m in Sources */,
			);
			runOnlyForDeploymentPostprocessing = 0;
		};
		B213562C2124045E00EDD991 /* Sources */ = {
			isa = PBXSourcesBuildPhase;
			buildActionMask = 2147483647;
			files = (
				B21356382124045E00EDD991 /* ViewController.m in Sources */,
				B21356432124046000EDD991 /* main.m in Sources */,
				B21356352124045E00EDD991 /* AppDelegate.m in Sources */,
			);
			runOnlyForDeploymentPostprocessing = 0;
		};
		B21356442124046000EDD991 /* Sources */ = {
			isa = PBXSourcesBuildPhase;
			buildActionMask = 2147483647;
			files = (
			);
			runOnlyForDeploymentPostprocessing = 0;
		};
		B213564F2124046000EDD991 /* Sources */ = {
			isa = PBXSourcesBuildPhase;
			buildActionMask = 2147483647;
			files = (
			);
			runOnlyForDeploymentPostprocessing = 0;
		};
/* End PBXSourcesBuildPhase section */

/* Begin PBXTargetDependency section */
		ADBB0AD52A273D73007C9CC8 /* PBXTargetDependency */ = {
			isa = PBXTargetDependency;
			target = ADBB0ACA2A273D73007C9CC8 /* ShareExtension */;
			targetProxy = ADBB0AD42A273D73007C9CC8 /* PBXContainerItemProxy */;
		};
		B213564A2124046000EDD991 /* PBXTargetDependency */ = {
			isa = PBXTargetDependency;
			target = B213562F2124045E00EDD991 /* DooTask */;
			targetProxy = B21356492124046000EDD991 /* PBXContainerItemProxy */;
		};
		B21356552124046000EDD991 /* PBXTargetDependency */ = {
			isa = PBXTargetDependency;
			target = B213562F2124045E00EDD991 /* DooTask */;
			targetProxy = B21356542124046000EDD991 /* PBXContainerItemProxy */;
		};
/* End PBXTargetDependency section */

/* Begin PBXVariantGroup section */
		ADBB0AD02A273D73007C9CC8 /* MainInterface.storyboard */ = {
			isa = PBXVariantGroup;
			children = (
				ADBB0AD12A273D73007C9CC8 /* Base */,
				ADC446472A32C0680082503B /* zh-Hans */,
				ADC4464A2A32C0720082503B /* zh-Hant */,
				ADC4465E2A32C8A50082503B /* ko */,
				ADC446632A32C8B30082503B /* ja */,
				ADC446682A32C9020082503B /* id */,
				ADC4466D2A32CBEA0082503B /* de */,
				ADC4467B2A3354F70082503B /* zh-HK */,
				ADE036A92A36BC3A00A76B4F /* en-GB */,
			);
			name = MainInterface.storyboard;
			sourceTree = "<group>";
		};
		ADC4464D2A32C09B0082503B /* ChatCell.xib */ = {
			isa = PBXVariantGroup;
			children = (
				ADC4464C2A32C09B0082503B /* Base */,
				ADC4464F2A32C0A70082503B /* zh-Hans */,
				ADC446512A32C0A70082503B /* zh-Hant */,
				ADC4465D2A32C8A40082503B /* ko */,
				ADC446622A32C8B30082503B /* ja */,
				ADC446672A32C9010082503B /* id */,
				ADC4466C2A32CBE90082503B /* de */,
				ADC4467A2A3354F70082503B /* zh-HK */,
				ADE036A82A36BC3900A76B4F /* en-GB */,
			);
			name = ChatCell.xib;
			sourceTree = "<group>";
		};
		ADC446582A32C85E0082503B /* Localizable.strings */ = {
			isa = PBXVariantGroup;
			children = (
				ADC446572A32C85E0082503B /* en */,
				ADC446592A32C8630082503B /* zh-Hans */,
				ADC4465A2A32C8660082503B /* zh-Hant */,
				ADC4465F2A32C8A50082503B /* ko */,
				ADC446642A32C8B40082503B /* ja */,
				ADC446692A32C9020082503B /* id */,
				ADC4466E2A32CBEA0082503B /* de */,
				ADC4467C2A3354F80082503B /* zh-HK */,
				ADE036AA2A36BC3A00A76B4F /* en-GB */,
			);
			name = Localizable.strings;
			sourceTree = "<group>";
		};
		B21356392124045E00EDD991 /* Main.storyboard */ = {
			isa = PBXVariantGroup;
			children = (
				B213563A2124045E00EDD991 /* Base */,
				ADC446462A32C0670082503B /* zh-Hans */,
				ADC446492A32C0710082503B /* zh-Hant */,
				ADC4465C2A32C8A40082503B /* ko */,
				ADC446612A32C8B30082503B /* ja */,
				ADC446662A32C9010082503B /* id */,
				ADC4466B2A32CBE90082503B /* de */,
				ADC446792A3354F70082503B /* zh-HK */,
				ADE036A72A36BC3900A76B4F /* en-GB */,
			);
			name = Main.storyboard;
			sourceTree = "<group>";
		};
		B213563E2124046000EDD991 /* LaunchScreen.storyboard */ = {
			isa = PBXVariantGroup;
			children = (
				B213563F2124046000EDD991 /* Base */,
				ADC446452A32C0670082503B /* zh-Hans */,
				ADC446482A32C0710082503B /* zh-Hant */,
				ADC4465B2A32C8A40082503B /* ko */,
				ADC446602A32C8B30082503B /* ja */,
				ADC446652A32C9010082503B /* id */,
				ADC4466A2A32CBE90082503B /* de */,
				ADC446782A3354F60082503B /* zh-HK */,
				ADE036A62A36BC3900A76B4F /* en-GB */,
			);
			name = LaunchScreen.storyboard;
			sourceTree = "<group>";
		};
/* End PBXVariantGroup section */

/* Begin XCBuildConfiguration section */
		ADBB0AD82A273D74007C9CC8 /* Debug */ = {
			isa = XCBuildConfiguration;
			baseConfigurationReference = 95526B5EB63E184E1D5E1E22 /* Pods-ShareExtension.debug.xcconfig */;
			buildSettings = {
				CLANG_CXX_LANGUAGE_STANDARD = "gnu++20";
				CLANG_WARN_QUOTED_INCLUDE_IN_FRAMEWORK_HEADER = "$(inherited)";
				CODE_SIGN_ENTITLEMENTS = shareExtension/shareExtension.entitlements;
				CODE_SIGN_STYLE = Automatic;
				CURRENT_PROJECT_VERSION = 1;
				DEVELOPMENT_TEAM = G365J5PZA2;
				GCC_PREPROCESSOR_DEFINITIONS = (
					"$(inherited)",
					"COCOAPODS=1",
					"SV_APP_EXTENSIONS=1",
				);
				GENERATE_INFOPLIST_FILE = YES;
				INFOPLIST_FILE = shareExtension/Info.plist;
				INFOPLIST_KEY_CFBundleDisplayName = dootask;
				INFOPLIST_KEY_NSHumanReadableCopyright = "";
				IPHONEOS_DEPLOYMENT_TARGET = 12.0;
				LD_RUNPATH_SEARCH_PATHS = (
					"$(inherited)",
					"@executable_path/Frameworks",
					"@executable_path/../../Frameworks",
				);
				MARKETING_VERSION = 0.26.86;
				MTL_ENABLE_DEBUG_INFO = INCLUDE_SOURCE;
				MTL_FAST_MATH = YES;
				ONLY_ACTIVE_ARCH = YES;
				PRODUCT_BUNDLE_IDENTIFIER = com.dootask.task.shareExtension;
				PRODUCT_NAME = "$(TARGET_NAME)";
				SKIP_INSTALL = YES;
				SWIFT_EMIT_LOC_STRINGS = YES;
				TARGETED_DEVICE_FAMILY = "1,2";
			};
			name = Debug;
		};
		ADBB0AD92A273D74007C9CC8 /* Release */ = {
			isa = XCBuildConfiguration;
			baseConfigurationReference = D238E6D44FDE0B1722A31614 /* Pods-ShareExtension.release.xcconfig */;
			buildSettings = {
				CLANG_CXX_LANGUAGE_STANDARD = "gnu++20";
				CLANG_WARN_QUOTED_INCLUDE_IN_FRAMEWORK_HEADER = "$(inherited)";
				CODE_SIGN_ENTITLEMENTS = shareExtension/shareExtension.entitlements;
				CODE_SIGN_STYLE = Automatic;
				CURRENT_PROJECT_VERSION = 1;
				DEVELOPMENT_TEAM = G365J5PZA2;
				GCC_PREPROCESSOR_DEFINITIONS = (
					"$(inherited)",
					"COCOAPODS=1",
					SV_APP_EXTENSIONS,
				);
				GENERATE_INFOPLIST_FILE = YES;
				INFOPLIST_FILE = shareExtension/Info.plist;
				INFOPLIST_KEY_CFBundleDisplayName = dootask;
				INFOPLIST_KEY_NSHumanReadableCopyright = "";
				IPHONEOS_DEPLOYMENT_TARGET = 12.0;
				LD_RUNPATH_SEARCH_PATHS = (
					"$(inherited)",
					"@executable_path/Frameworks",
					"@executable_path/../../Frameworks",
				);
				MARKETING_VERSION = 0.26.86;
				MTL_FAST_MATH = YES;
				PRODUCT_BUNDLE_IDENTIFIER = com.dootask.task.shareExtension;
				PRODUCT_NAME = "$(TARGET_NAME)";
				SKIP_INSTALL = YES;
				SWIFT_EMIT_LOC_STRINGS = YES;
				TARGETED_DEVICE_FAMILY = "1,2";
			};
			name = Release;
		};
		B213565A2124046000EDD991 /* Debug */ = {
			isa = XCBuildConfiguration;
			baseConfigurationReference = ADBB0ADF2A27414F007C9CC8 /* IdentityConfig.xcconfig */;
			buildSettings = {
				ALWAYS_SEARCH_USER_PATHS = NO;
				CLANG_ANALYZER_LOCALIZABILITY_NONLOCALIZED = YES;
				CLANG_ANALYZER_NONNULL = YES;
				CLANG_ANALYZER_NUMBER_OBJECT_CONVERSION = YES_AGGRESSIVE;
				CLANG_CXX_LANGUAGE_STANDARD = "gnu++14";
				CLANG_CXX_LIBRARY = "libc++";
				CLANG_ENABLE_MODULES = YES;
				CLANG_ENABLE_OBJC_ARC = YES;
				CLANG_ENABLE_OBJC_WEAK = YES;
				CLANG_WARN_BLOCK_CAPTURE_AUTORELEASING = YES;
				CLANG_WARN_BOOL_CONVERSION = YES;
				CLANG_WARN_COMMA = YES;
				CLANG_WARN_CONSTANT_CONVERSION = YES;
				CLANG_WARN_DEPRECATED_OBJC_IMPLEMENTATIONS = YES;
				CLANG_WARN_DIRECT_OBJC_ISA_USAGE = YES_ERROR;
				CLANG_WARN_DOCUMENTATION_COMMENTS = YES;
				CLANG_WARN_EMPTY_BODY = YES;
				CLANG_WARN_ENUM_CONVERSION = YES;
				CLANG_WARN_INFINITE_RECURSION = YES;
				CLANG_WARN_INT_CONVERSION = YES;
				CLANG_WARN_NON_LITERAL_NULL_CONVERSION = YES;
				CLANG_WARN_OBJC_IMPLICIT_RETAIN_SELF = YES;
				CLANG_WARN_OBJC_LITERAL_CONVERSION = YES;
				CLANG_WARN_OBJC_ROOT_CLASS = YES_ERROR;
				CLANG_WARN_RANGE_LOOP_ANALYSIS = YES;
				CLANG_WARN_STRICT_PROTOTYPES = YES;
				CLANG_WARN_SUSPICIOUS_MOVE = YES;
				CLANG_WARN_UNGUARDED_AVAILABILITY = YES_AGGRESSIVE;
				CLANG_WARN_UNREACHABLE_CODE = YES;
				CLANG_WARN__DUPLICATE_METHOD_MATCH = YES;
				CODE_SIGN_IDENTITY = "iPhone Developer";
				COPY_PHASE_STRIP = NO;
				DEBUG_INFORMATION_FORMAT = dwarf;
				ENABLE_STRICT_OBJC_MSGSEND = YES;
				ENABLE_TESTABILITY = YES;
				GCC_C_LANGUAGE_STANDARD = gnu11;
				GCC_DYNAMIC_NO_PIC = NO;
				GCC_NO_COMMON_BLOCKS = YES;
				GCC_OPTIMIZATION_LEVEL = 0;
				GCC_PREPROCESSOR_DEFINITIONS = (
					"DEBUG=1",
					"$(inherited)",
				);
				GCC_WARN_64_TO_32_BIT_CONVERSION = YES;
				GCC_WARN_ABOUT_RETURN_TYPE = YES_ERROR;
				GCC_WARN_UNDECLARED_SELECTOR = YES;
				GCC_WARN_UNINITIALIZED_AUTOS = YES_AGGRESSIVE;
				GCC_WARN_UNUSED_FUNCTION = YES;
				GCC_WARN_UNUSED_VARIABLE = YES;
				IPHONEOS_DEPLOYMENT_TARGET = 11.4;
				MTL_ENABLE_DEBUG_INFO = YES;
				SDKROOT = iphoneos;
			};
			name = Debug;
		};
		B213565B2124046000EDD991 /* Release */ = {
			isa = XCBuildConfiguration;
			baseConfigurationReference = ADBB0ADF2A27414F007C9CC8 /* IdentityConfig.xcconfig */;
			buildSettings = {
				ALWAYS_SEARCH_USER_PATHS = NO;
				CLANG_ANALYZER_LOCALIZABILITY_NONLOCALIZED = YES;
				CLANG_ANALYZER_NONNULL = YES;
				CLANG_ANALYZER_NUMBER_OBJECT_CONVERSION = YES_AGGRESSIVE;
				CLANG_CXX_LANGUAGE_STANDARD = "gnu++14";
				CLANG_CXX_LIBRARY = "libc++";
				CLANG_ENABLE_MODULES = YES;
				CLANG_ENABLE_OBJC_ARC = YES;
				CLANG_ENABLE_OBJC_WEAK = YES;
				CLANG_WARN_BLOCK_CAPTURE_AUTORELEASING = YES;
				CLANG_WARN_BOOL_CONVERSION = YES;
				CLANG_WARN_COMMA = YES;
				CLANG_WARN_CONSTANT_CONVERSION = YES;
				CLANG_WARN_DEPRECATED_OBJC_IMPLEMENTATIONS = YES;
				CLANG_WARN_DIRECT_OBJC_ISA_USAGE = YES_ERROR;
				CLANG_WARN_DOCUMENTATION_COMMENTS = YES;
				CLANG_WARN_EMPTY_BODY = YES;
				CLANG_WARN_ENUM_CONVERSION = YES;
				CLANG_WARN_INFINITE_RECURSION = YES;
				CLANG_WARN_INT_CONVERSION = YES;
				CLANG_WARN_NON_LITERAL_NULL_CONVERSION = YES;
				CLANG_WARN_OBJC_IMPLICIT_RETAIN_SELF = YES;
				CLANG_WARN_OBJC_LITERAL_CONVERSION = YES;
				CLANG_WARN_OBJC_ROOT_CLASS = YES_ERROR;
				CLANG_WARN_RANGE_LOOP_ANALYSIS = YES;
				CLANG_WARN_STRICT_PROTOTYPES = YES;
				CLANG_WARN_SUSPICIOUS_MOVE = YES;
				CLANG_WARN_UNGUARDED_AVAILABILITY = YES_AGGRESSIVE;
				CLANG_WARN_UNREACHABLE_CODE = YES;
				CLANG_WARN__DUPLICATE_METHOD_MATCH = YES;
				CODE_SIGN_IDENTITY = "iPhone Developer";
				COPY_PHASE_STRIP = NO;
				DEBUG_INFORMATION_FORMAT = "dwarf-with-dsym";
				ENABLE_NS_ASSERTIONS = NO;
				ENABLE_STRICT_OBJC_MSGSEND = YES;
				GCC_C_LANGUAGE_STANDARD = gnu11;
				GCC_NO_COMMON_BLOCKS = YES;
				GCC_WARN_64_TO_32_BIT_CONVERSION = YES;
				GCC_WARN_ABOUT_RETURN_TYPE = YES_ERROR;
				GCC_WARN_UNDECLARED_SELECTOR = YES;
				GCC_WARN_UNINITIALIZED_AUTOS = YES_AGGRESSIVE;
				GCC_WARN_UNUSED_FUNCTION = YES;
				GCC_WARN_UNUSED_VARIABLE = YES;
				IPHONEOS_DEPLOYMENT_TARGET = 11.4;
				MTL_ENABLE_DEBUG_INFO = NO;
				SDKROOT = iphoneos;
				VALIDATE_PRODUCT = YES;
			};
			name = Release;
		};
		B213565D2124046000EDD991 /* Debug */ = {
			isa = XCBuildConfiguration;
			baseConfigurationReference = D6D5AB4308DC986678F7CAFE /* Pods-DooTask.debug.xcconfig */;
			buildSettings = {
				ASSETCATALOG_COMPILER_APPICON_NAME = AppIcon;
				ASSETCATALOG_COMPILER_LAUNCHIMAGE_NAME = LaunchImage;
				CODE_SIGN_ENTITLEMENTS = eeuiApp/eeuiApp.entitlements;
				CODE_SIGN_STYLE = Automatic;
				DEVELOPMENT_TEAM = G365J5PZA2;
				ENABLE_BITCODE = NO;
				FRAMEWORK_SEARCH_PATHS = (
					"$(inherited)",
					"$(PROJECT_DIR)/eeuiApp/eeui/Utility/Pay/Alipay",
					"\"$(SRCROOT)/eeuiApp/eeui/Utility/Pay/Alipay/AlipaySDK.framework\"",
				);
				GCC_PREFIX_HEADER = "$(SRCROOT)/eeuiApp/PrefixHeader.pch";
				INFOPLIST_FILE = eeuiApp/Info.plist;
				IPHONEOS_DEPLOYMENT_TARGET = 9.0;
				LD_RUNPATH_SEARCH_PATHS = (
					"$(inherited)",
					"@executable_path/Frameworks",
				);
				LIBRARY_SEARCH_PATHS = (
					"$(inherited)",
					"$(PROJECT_DIR)/eeuiApp/eeui/Utility/Pay/Union/Chinaums",
					"$(PROJECT_DIR)/eeuiApp/eeui/Utility/Pay/Union/UPPaymentControl",
					"$(PROJECT_DIR)/eeuiApp/eeui/Utility/Pay/Union/WeChat",
				);
				ONLY_ACTIVE_ARCH = YES;
				PRODUCT_BUNDLE_IDENTIFIER = com.dootask.task;
				PRODUCT_NAME = DooTask;
				TARGETED_DEVICE_FAMILY = "1,2";
			};
			name = Debug;
		};
		B213565E2124046000EDD991 /* Release */ = {
			isa = XCBuildConfiguration;
			baseConfigurationReference = 53D698B8183819BE34033A88 /* Pods-DooTask.release.xcconfig */;
			buildSettings = {
				ASSETCATALOG_COMPILER_APPICON_NAME = AppIcon;
				ASSETCATALOG_COMPILER_LAUNCHIMAGE_NAME = LaunchImage;
				CODE_SIGN_ENTITLEMENTS = eeuiApp/eeuiApp.entitlements;
				CODE_SIGN_STYLE = Automatic;
				DEVELOPMENT_TEAM = G365J5PZA2;
				ENABLE_BITCODE = NO;
				FRAMEWORK_SEARCH_PATHS = (
					"$(inherited)",
					"$(PROJECT_DIR)/eeuiApp/eeui/Utility/Pay/Alipay",
					"\"$(SRCROOT)/eeuiApp/eeui/Utility/Pay/Alipay/AlipaySDK.framework\"",
				);
				GCC_PREFIX_HEADER = "$(SRCROOT)/eeuiApp/PrefixHeader.pch";
				INFOPLIST_FILE = eeuiApp/Info.plist;
				IPHONEOS_DEPLOYMENT_TARGET = 9.0;
				LD_RUNPATH_SEARCH_PATHS = (
					"$(inherited)",
					"@executable_path/Frameworks",
				);
				LIBRARY_SEARCH_PATHS = (
					"$(inherited)",
					"$(PROJECT_DIR)/eeuiApp/eeui/Utility/Pay/Union/Chinaums",
					"$(PROJECT_DIR)/eeuiApp/eeui/Utility/Pay/Union/UPPaymentControl",
					"$(PROJECT_DIR)/eeuiApp/eeui/Utility/Pay/Union/WeChat",
				);
				PRODUCT_BUNDLE_IDENTIFIER = com.dootask.task;
				PRODUCT_NAME = DooTask;
				TARGETED_DEVICE_FAMILY = "1,2";
			};
			name = Release;
		};
		B21356602124046000EDD991 /* Debug */ = {
			isa = XCBuildConfiguration;
			buildSettings = {
				BUNDLE_LOADER = "$(TEST_HOST)";
				CODE_SIGN_STYLE = Automatic;
				DEVELOPMENT_TEAM = 4829D55G53;
				INFOPLIST_FILE = eeuiAppTests/Info.plist;
				LD_RUNPATH_SEARCH_PATHS = (
					"$(inherited)",
					"@executable_path/Frameworks",
					"@loader_path/Frameworks",
				);
				PRODUCT_BUNDLE_IDENTIFIER = app.eeui.eeuiAppTests;
				PRODUCT_NAME = "$(TARGET_NAME)";
				TARGETED_DEVICE_FAMILY = "1,2";
				TEST_HOST = "$(BUILT_PRODUCTS_DIR)/eeuiApp.app/eeuiApp";
			};
			name = Debug;
		};
		B21356612124046000EDD991 /* Release */ = {
			isa = XCBuildConfiguration;
			buildSettings = {
				BUNDLE_LOADER = "$(TEST_HOST)";
				CODE_SIGN_STYLE = Automatic;
				DEVELOPMENT_TEAM = 4829D55G53;
				INFOPLIST_FILE = eeuiAppTests/Info.plist;
				LD_RUNPATH_SEARCH_PATHS = (
					"$(inherited)",
					"@executable_path/Frameworks",
					"@loader_path/Frameworks",
				);
				PRODUCT_BUNDLE_IDENTIFIER = app.eeui.eeuiAppTests;
				PRODUCT_NAME = "$(TARGET_NAME)";
				TARGETED_DEVICE_FAMILY = "1,2";
				TEST_HOST = "$(BUILT_PRODUCTS_DIR)/eeuiApp.app/eeuiApp";
			};
			name = Release;
		};
		B21356632124046000EDD991 /* Debug */ = {
			isa = XCBuildConfiguration;
			buildSettings = {
				CODE_SIGN_STYLE = Automatic;
				DEVELOPMENT_TEAM = 4829D55G53;
				INFOPLIST_FILE = eeuiAppUITests/Info.plist;
				LD_RUNPATH_SEARCH_PATHS = (
					"$(inherited)",
					"@executable_path/Frameworks",
					"@loader_path/Frameworks",
				);
				PRODUCT_BUNDLE_IDENTIFIER = app.eeui.eeuiAppUITests;
				PRODUCT_NAME = "$(TARGET_NAME)";
				TARGETED_DEVICE_FAMILY = "1,2";
				TEST_TARGET_NAME = eeuiApp;
			};
			name = Debug;
		};
		B21356642124046000EDD991 /* Release */ = {
			isa = XCBuildConfiguration;
			buildSettings = {
				CODE_SIGN_STYLE = Automatic;
				DEVELOPMENT_TEAM = 4829D55G53;
				INFOPLIST_FILE = eeuiAppUITests/Info.plist;
				LD_RUNPATH_SEARCH_PATHS = (
					"$(inherited)",
					"@executable_path/Frameworks",
					"@loader_path/Frameworks",
				);
				PRODUCT_BUNDLE_IDENTIFIER = app.eeui.eeuiAppUITests;
				PRODUCT_NAME = "$(TARGET_NAME)";
				TARGETED_DEVICE_FAMILY = "1,2";
				TEST_TARGET_NAME = eeuiApp;
			};
			name = Release;
		};
/* End XCBuildConfiguration section */

/* Begin XCConfigurationList section */
		ADBB0ADA2A273D74007C9CC8 /* Build configuration list for PBXNativeTarget "ShareExtension" */ = {
			isa = XCConfigurationList;
			buildConfigurations = (
				ADBB0AD82A273D74007C9CC8 /* Debug */,
				ADBB0AD92A273D74007C9CC8 /* Release */,
			);
			defaultConfigurationIsVisible = 0;
			defaultConfigurationName = Release;
		};
		B213562B2124045E00EDD991 /* Build configuration list for PBXProject "eeuiApp" */ = {
			isa = XCConfigurationList;
			buildConfigurations = (
				B213565A2124046000EDD991 /* Debug */,
				B213565B2124046000EDD991 /* Release */,
			);
			defaultConfigurationIsVisible = 0;
			defaultConfigurationName = Release;
		};
		B213565C2124046000EDD991 /* Build configuration list for PBXNativeTarget "DooTask" */ = {
			isa = XCConfigurationList;
			buildConfigurations = (
				B213565D2124046000EDD991 /* Debug */,
				B213565E2124046000EDD991 /* Release */,
			);
			defaultConfigurationIsVisible = 0;
			defaultConfigurationName = Release;
		};
		B213565F2124046000EDD991 /* Build configuration list for PBXNativeTarget "eeuiAppTests" */ = {
			isa = XCConfigurationList;
			buildConfigurations = (
				B21356602124046000EDD991 /* Debug */,
				B21356612124046000EDD991 /* Release */,
			);
			defaultConfigurationIsVisible = 0;
			defaultConfigurationName = Release;
		};
		B21356622124046000EDD991 /* Build configuration list for PBXNativeTarget "eeuiAppUITests" */ = {
			isa = XCConfigurationList;
			buildConfigurations = (
				B21356632124046000EDD991 /* Debug */,
				B21356642124046000EDD991 /* Release */,
			);
			defaultConfigurationIsVisible = 0;
			defaultConfigurationName = Release;
		};
/* End XCConfigurationList section */
	};
	rootObject = B21356282124045E00EDD991 /* Project object */;
}
